
Microsoft Visual Studio Solution File, Format Version 12.00
# Visual Studio Version 17
VisualStudioVersion = 17.14.36109.1
MinimumVisualStudioVersion = 10.0.40219.1
Project("{FAE04EC0-301F-11D3-BF4B-00C04F79EFBC}") = "JwtTokenServiceProviderDOCKER", "JwtTokenServiceProviderDOCKER\JwtTokenServiceProviderDOCKER.csproj", "{244C91B1-2EF1-4189-AF79-91FCADE3EA8C}"
EndProject
Project("{FAE04EC0-301F-11D3-BF4B-00C04F79EFBC}") = "JwtTokenServiceProviderDOCKER.Tests", "JwtTokenServiceProviderDOCKER.Tests\JwtTokenServiceProviderDOCKER.Tests.csproj", "{2219EE85-14A3-A56E-4D90-B6C9BB98DE59}"
EndProject
Global
	GlobalSection(SolutionConfigurationPlatforms) = preSolution
		Debug|Any CPU = Debug|Any CPU
		Release|Any CPU = Release|Any CPU
	EndGlobalSection
	GlobalSection(ProjectConfigurationPlatforms) = postSolution
		{244C91B1-2EF1-4189-AF79-91FCADE3EA8C}.Debug|Any CPU.ActiveCfg = Debug|Any CPU
		{244C91B1-2EF1-4189-AF79-91FCADE3EA8C}.Debug|Any CPU.Build.0 = Debug|Any CPU
		{244C91B1-2EF1-4189-AF79-91FCADE3EA8C}.Release|Any CPU.ActiveCfg = Release|Any CPU
		{244C91B1-2EF1-4189-AF79-91FCADE3EA8C}.Release|Any CPU.Build.0 = Release|Any CPU
		{2219EE85-14A3-A56E-4D90-B6C9BB98DE59}.Debug|Any CPU.ActiveCfg = Debug|Any CPU
		{2219EE85-14A3-A56E-4D90-B6C9BB98DE59}.Debug|Any CPU.Build.0 = Debug|Any CPU
		{2219EE85-14A3-A56E-4D90-B6C9BB98DE59}.Release|Any CPU.ActiveCfg = Release|Any CPU
		{2219EE85-14A3-A56E-4D90-B6C9BB98DE59}.Release|Any CPU.Build.0 = Release|Any CPU
	EndGlobalSection
	GlobalSection(SolutionProperties) = preSolution
		HideSolutionNode = FALSE
	EndGlobalSection
	GlobalSection(ExtensibilityGlobals) = postSolution
		SolutionGuid = {B6A60236-7B75-4FE7-BE51-2F272AEF7534}
	EndGlobalSection
EndGlobal
